
Microsoft Visual Studio Solution File, Format Version 12.00
# Visual Studio Version 16
VisualStudioVersion = 16.0.32929.386
MinimumVisualStudioVersion = 10.0.40219.1
Project("{8BC9CEB8-8B4A-11D0-8D11-00A0C91BC942}") = "queue", "queue\queue.vcxproj", "{F40E97AA-B7B0-4F70-B669-304F552FD40E}"
EndProject
Global
	GlobalSection(SolutionConfigurationPlatforms) = preSolution
		Debug|x64 = Debug|x64
		Debug|x86 = Debug|x86
		Release|x64 = Release|x64
		Release|x86 = Release|x86
	EndGlobalSection
	GlobalSection(ProjectConfigurationPlatforms) = postSolution
		{F40E97AA-B7B0-4F70-B669-304F552FD40E}.Debug|x64.ActiveCfg = Debug|x64
		{F40E97AA-B7B0-4F70-B669-304F552FD40E}.Debug|x64.Build.0 = Debug|x64
		{F40E97AA-B7B0-4F70-B669-304F552FD40E}.Debug|x86.ActiveCfg = Debug|Win32
		{F40E97AA-B7B0-4F70-B669-304F552FD40E}.Debug|x86.Build.0 = Debug|Win32
		{F40E97AA-B7B0-4F70-B669-304F552FD40E}.Release|x64.ActiveCfg = Release|x64
		{F40E97AA-B7B0-4F70-B669-304F552FD40E}.Release|x64.Build.0 = Release|x64
		{F40E97AA-B7B0-4F70-B669-304F552FD40E}.Release|x86.ActiveCfg = Release|Win32
		{F40E97AA-B7B0-4F70-B669-304F552FD40E}.Release|x86.Build.0 = Release|Win32
	EndGlobalSection
	GlobalSection(SolutionProperties) = preSolution
		HideSolutionNode = FALSE
	EndGlobalSection
	GlobalSection(ExtensibilityGlobals) = postSolution
		SolutionGuid = {F13F7444-C685-433D-9C98-23895EC0BACD}
	EndGlobalSection
EndGlobal
